// !$*UTF8*$!
{
	archiveVersion = 1;
	classes = {
	};
	objectVersion = 56;
	objects = {

/* Begin PBXBuildFile section */
		6E6A3E1C2ADB3841003C2A23 /* RMService.swift in Sources */ = {isa = PBXBuildFile; fileRef = 6E6A3E1B2ADB3841003C2A23 /* RMService.swift */; };
		6E6A3E1E2ADB3853003C2A23 /* RMRequest.swift in Sources */ = {isa = PBXBuildFile; fileRef = 6E6A3E1D2ADB3853003C2A23 /* RMRequest.swift */; };
		6E6A3E202ADBB753003C2A23 /* RMEndpoint.swift in Sources */ = {isa = PBXBuildFile; fileRef = 6E6A3E1F2ADBB753003C2A23 /* RMEndpoint.swift */; };
		6E93E5A02AB244D1004FCF90 /* AppDelegate.swift in Sources */ = {isa = PBXBuildFile; fileRef = 6E93E59F2AB244D1004FCF90 /* AppDelegate.swift */; };
		6E93E5A22AB244D1004FCF90 /* SceneDelegate.swift in Sources */ = {isa = PBXBuildFile; fileRef = 6E93E5A12AB244D1004FCF90 /* SceneDelegate.swift */; };
		6E93E5A42AB244D1004FCF90 /* RMTabViewController.swift in Sources */ = {isa = PBXBuildFile; fileRef = 6E93E5A32AB244D1004FCF90 /* RMTabViewController.swift */; };
		6E93E5A92AB244D2004FCF90 /* Assets.xcassets in Resources */ = {isa = PBXBuildFile; fileRef = 6E93E5A82AB244D2004FCF90 /* Assets.xcassets */; };
		6E93E5AC2AB244D2004FCF90 /* LaunchScreen.storyboard in Resources */ = {isa = PBXBuildFile; fileRef = 6E93E5AA2AB244D2004FCF90 /* LaunchScreen.storyboard */; };
		6E93E5B72AB244D2004FCF90 /* RickAndMortyTests.swift in Sources */ = {isa = PBXBuildFile; fileRef = 6E93E5B62AB244D2004FCF90 /* RickAndMortyTests.swift */; };
		6E93E5C12AB244D2004FCF90 /* RickAndMortyUITests.swift in Sources */ = {isa = PBXBuildFile; fileRef = 6E93E5C02AB244D2004FCF90 /* RickAndMortyUITests.swift */; };
		6E93E5C32AB244D2004FCF90 /* RickAndMortyUITestsLaunchTests.swift in Sources */ = {isa = PBXBuildFile; fileRef = 6E93E5C22AB244D2004FCF90 /* RickAndMortyUITestsLaunchTests.swift */; };
		6E93E5D72AB24E97004FCF90 /* RMLocation.swift in Sources */ = {isa = PBXBuildFile; fileRef = 6E93E5D62AB24E97004FCF90 /* RMLocation.swift */; };
		6E93E5D92AB24EBA004FCF90 /* RMCharacter.swift in Sources */ = {isa = PBXBuildFile; fileRef = 6E93E5D82AB24EBA004FCF90 /* RMCharacter.swift */; };
		6E93E5DB2AB24ED1004FCF90 /* RMEpisode.swift in Sources */ = {isa = PBXBuildFile; fileRef = 6E93E5DA2AB24ED1004FCF90 /* RMEpisode.swift */; };
		6E93E5DE2AB24FB0004FCF90 /* RMCharacterViewController.swift in Sources */ = {isa = PBXBuildFile; fileRef = 6E93E5DD2AB24FB0004FCF90 /* RMCharacterViewController.swift */; };
		6E93E5E02AB2501E004FCF90 /* RMLocationViewController.swift in Sources */ = {isa = PBXBuildFile; fileRef = 6E93E5DF2AB2501E004FCF90 /* RMLocationViewController.swift */; };
		6E93E5E32AB25050004FCF90 /* RMEpisodeViewController.swift in Sources */ = {isa = PBXBuildFile; fileRef = 6E93E5E22AB25050004FCF90 /* RMEpisodeViewController.swift */; };
		6E93E5E52AB25072004FCF90 /* RMSettingsViewController.swift in Sources */ = {isa = PBXBuildFile; fileRef = 6E93E5E42AB25072004FCF90 /* RMSettingsViewController.swift */; };
/* End PBXBuildFile section */

/* Begin PBXContainerItemProxy section */
		6E93E5B32AB244D2004FCF90 /* PBXContainerItemProxy */ = {
			isa = PBXContainerItemProxy;
			containerPortal = 6E93E5942AB244D1004FCF90 /* Project object */;
			proxyType = 1;
			remoteGlobalIDString = 6E93E59B2AB244D1004FCF90;
			remoteInfo = RickAndMorty;
		};
		6E93E5BD2AB244D2004FCF90 /* PBXContainerItemProxy */ = {
			isa = PBXContainerItemProxy;
			containerPortal = 6E93E5942AB244D1004FCF90 /* Project object */;
			proxyType = 1;
			remoteGlobalIDString = 6E93E59B2AB244D1004FCF90;
			remoteInfo = RickAndMorty;
		};
/* End PBXContainerItemProxy section */

/* Begin PBXFileReference section */
		6E6A3E1B2ADB3841003C2A23 /* RMService.swift */ = {isa = PBXFileReference; lastKnownFileType = sourcecode.swift; path = RMService.swift; sourceTree = "<group>"; };
		6E6A3E1D2ADB3853003C2A23 /* RMRequest.swift */ = {isa = PBXFileReference; lastKnownFileType = sourcecode.swift; path = RMRequest.swift; sourceTree = "<group>"; };
		6E6A3E1F2ADBB753003C2A23 /* RMEndpoint.swift */ = {isa = PBXFileReference; lastKnownFileType = sourcecode.swift; path = RMEndpoint.swift; sourceTree = "<group>"; };
		6E93E59C2AB244D1004FCF90 /* RickAndMorty.app */ = {isa = PBXFileReference; explicitFileType = wrapper.application; includeInIndex = 0; path = RickAndMorty.app; sourceTree = BUILT_PRODUCTS_DIR; };
		6E93E59F2AB244D1004FCF90 /* AppDelegate.swift */ = {isa = PBXFileReference; lastKnownFileType = sourcecode.swift; path = AppDelegate.swift; sourceTree = "<group>"; };
		6E93E5A12AB244D1004FCF90 /* SceneDelegate.swift */ = {isa = PBXFileReference; lastKnownFileType = sourcecode.swift; path = SceneDelegate.swift; sourceTree = "<group>"; };
		6E93E5A32AB244D1004FCF90 /* RMTabViewController.swift */ = {isa = PBXFileReference; lastKnownFileType = sourcecode.swift; path = RMTabViewController.swift; sourceTree = "<group>"; };
		6E93E5A82AB244D2004FCF90 /* Assets.xcassets */ = {isa = PBXFileReference; lastKnownFileType = folder.assetcatalog; path = Assets.xcassets; sourceTree = "<group>"; };
		6E93E5AB2AB244D2004FCF90 /* Base */ = {isa = PBXFileReference; lastKnownFileType = file.storyboard; name = Base; path = Base.lproj/LaunchScreen.storyboard; sourceTree = "<group>"; };
		6E93E5AD2AB244D2004FCF90 /* Info.plist */ = {isa = PBXFileReference; lastKnownFileType = text.plist.xml; path = Info.plist; sourceTree = "<group>"; };
		6E93E5B22AB244D2004FCF90 /* RickAndMortyTests.xctest */ = {isa = PBXFileReference; explicitFileType = wrapper.cfbundle; includeInIndex = 0; path = RickAndMortyTests.xctest; sourceTree = BUILT_PRODUCTS_DIR; };
		6E93E5B62AB244D2004FCF90 /* RickAndMortyTests.swift */ = {isa = PBXFileReference; lastKnownFileType = sourcecode.swift; path = RickAndMortyTests.swift; sourceTree = "<group>"; };
		6E93E5BC2AB244D2004FCF90 /* RickAndMortyUITests.xctest */ = {isa = PBXFileReference; explicitFileType = wrapper.cfbundle; includeInIndex = 0; path = RickAndMortyUITests.xctest; sourceTree = BUILT_PRODUCTS_DIR; };
		6E93E5C02AB244D2004FCF90 /* RickAndMortyUITests.swift */ = {isa = PBXFileReference; lastKnownFileType = sourcecode.swift; path = RickAndMortyUITests.swift; sourceTree = "<group>"; };
		6E93E5C22AB244D2004FCF90 /* RickAndMortyUITestsLaunchTests.swift */ = {isa = PBXFileReference; lastKnownFileType = sourcecode.swift; path = RickAndMortyUITestsLaunchTests.swift; sourceTree = "<group>"; };
		6E93E5D62AB24E97004FCF90 /* RMLocation.swift */ = {isa = PBXFileReference; lastKnownFileType = sourcecode.swift; path = RMLocation.swift; sourceTree = "<group>"; };
		6E93E5D82AB24EBA004FCF90 /* RMCharacter.swift */ = {isa = PBXFileReference; lastKnownFileType = sourcecode.swift; path = RMCharacter.swift; sourceTree = "<group>"; };
		6E93E5DA2AB24ED1004FCF90 /* RMEpisode.swift */ = {isa = PBXFileReference; lastKnownFileType = sourcecode.swift; path = RMEpisode.swift; sourceTree = "<group>"; };
		6E93E5DD2AB24FB0004FCF90 /* RMCharacterViewController.swift */ = {isa = PBXFileReference; lastKnownFileType = sourcecode.swift; path = RMCharacterViewController.swift; sourceTree = "<group>"; };
		6E93E5DF2AB2501E004FCF90 /* RMLocationViewController.swift */ = {isa = PBXFileReference; lastKnownFileType = sourcecode.swift; path = RMLocationViewController.swift; sourceTree = "<group>"; };
		6E93E5E22AB25050004FCF90 /* RMEpisodeViewController.swift */ = {isa = PBXFileReference; lastKnownFileType = sourcecode.swift; path = RMEpisodeViewController.swift; sourceTree = "<group>"; };
		6E93E5E42AB25072004FCF90 /* RMSettingsViewController.swift */ = {isa = PBXFileReference; lastKnownFileType = sourcecode.swift; path = RMSettingsViewController.swift; sourceTree = "<group>"; };
/* End PBXFileReference section */

/* Begin PBXFrameworksBuildPhase section */
		6E93E5992AB244D1004FCF90 /* Frameworks */ = {
			isa = PBXFrameworksBuildPhase;
			buildActionMask = 2147483647;
			files = (
			);
			runOnlyForDeploymentPostprocessing = 0;
		};
		6E93E5AF2AB244D2004FCF90 /* Frameworks */ = {
			isa = PBXFrameworksBuildPhase;
			buildActionMask = 2147483647;
			files = (
			);
			runOnlyForDeploymentPostprocessing = 0;
		};
		6E93E5B92AB244D2004FCF90 /* Frameworks */ = {
			isa = PBXFrameworksBuildPhase;
			buildActionMask = 2147483647;
			files = (
			);
			runOnlyForDeploymentPostprocessing = 0;
		};
/* End PBXFrameworksBuildPhase section */

/* Begin PBXGroup section */
		6E93E5932AB244D1004FCF90 = {
			isa = PBXGroup;
			children = (
				6E93E59E2AB244D1004FCF90 /* RickAndMorty */,
				6E93E5B52AB244D2004FCF90 /* RickAndMortyTests */,
				6E93E5BF2AB244D2004FCF90 /* RickAndMortyUITests */,
				6E93E59D2AB244D1004FCF90 /* Products */,
			);
			sourceTree = "<group>";
		};
		6E93E59D2AB244D1004FCF90 /* Products */ = {
			isa = PBXGroup;
			children = (
				6E93E59C2AB244D1004FCF90 /* RickAndMorty.app */,
				6E93E5B22AB244D2004FCF90 /* RickAndMortyTests.xctest */,
				6E93E5BC2AB244D2004FCF90 /* RickAndMortyUITests.xctest */,
			);
			name = Products;
			sourceTree = "<group>";
		};
		6E93E59E2AB244D1004FCF90 /* RickAndMorty */ = {
			isa = PBXGroup;
			children = (
				6E93E5D52AB24CA1004FCF90 /* Resources */,
				6E93E5D42AB24C82004FCF90 /* APIClient */,
				6E93E5D32AB24C74004FCF90 /* Managers */,
				6E93E5D22AB24C64004FCF90 /* ViewModels */,
				6E93E5D12AB24C55004FCF90 /* Views */,
				6E93E5D02AB24C4D004FCF90 /* Models */,
				6E93E5CF2AB24B6E004FCF90 /* Controllers */,
				6E93E5AD2AB244D2004FCF90 /* Info.plist */,
			);
			path = RickAndMorty;
			sourceTree = "<group>";
		};
		6E93E5B52AB244D2004FCF90 /* RickAndMortyTests */ = {
			isa = PBXGroup;
			children = (
				6E93E5B62AB244D2004FCF90 /* RickAndMortyTests.swift */,
			);
			path = RickAndMortyTests;
			sourceTree = "<group>";
		};
		6E93E5BF2AB244D2004FCF90 /* RickAndMortyUITests */ = {
			isa = PBXGroup;
			children = (
				6E93E5C02AB244D2004FCF90 /* RickAndMortyUITests.swift */,
				6E93E5C22AB244D2004FCF90 /* RickAndMortyUITestsLaunchTests.swift */,
			);
			path = RickAndMortyUITests;
			sourceTree = "<group>";
		};
		6E93E5CF2AB24B6E004FCF90 /* Controllers */ = {
			isa = PBXGroup;
			children = (
				6E93E5DC2AB24F56004FCF90 /* Core */,
			);
			path = Controllers;
			sourceTree = "<group>";
		};
		6E93E5D02AB24C4D004FCF90 /* Models */ = {
			isa = PBXGroup;
			children = (
				6E93E5D62AB24E97004FCF90 /* RMLocation.swift */,
				6E93E5D82AB24EBA004FCF90 /* RMCharacter.swift */,
				6E93E5DA2AB24ED1004FCF90 /* RMEpisode.swift */,
			);
			path = Models;
			sourceTree = "<group>";
		};
		6E93E5D12AB24C55004FCF90 /* Views */ = {
			isa = PBXGroup;
			children = (
			);
			path = Views;
			sourceTree = "<group>";
		};
		6E93E5D22AB24C64004FCF90 /* ViewModels */ = {
			isa = PBXGroup;
			children = (
			);
			path = ViewModels;
			sourceTree = "<group>";
		};
		6E93E5D32AB24C74004FCF90 /* Managers */ = {
			isa = PBXGroup;
			children = (
			);
			path = Managers;
			sourceTree = "<group>";
		};
		6E93E5D42AB24C82004FCF90 /* APIClient */ = {
			isa = PBXGroup;
			children = (
				6E6A3E1B2ADB3841003C2A23 /* RMService.swift */,
				6E6A3E1D2ADB3853003C2A23 /* RMRequest.swift */,
				6E6A3E1F2ADBB753003C2A23 /* RMEndpoint.swift */,
			);
			path = APIClient;
			sourceTree = "<group>";
		};
		6E93E5D52AB24CA1004FCF90 /* Resources */ = {
			isa = PBXGroup;
			children = (
				6E93E5A82AB244D2004FCF90 /* Assets.xcassets */,
				6E93E5AA2AB244D2004FCF90 /* LaunchScreen.storyboard */,
				6E93E59F2AB244D1004FCF90 /* AppDelegate.swift */,
				6E93E5A12AB244D1004FCF90 /* SceneDelegate.swift */,
			);
			path = Resources;
			sourceTree = "<group>";
		};
		6E93E5DC2AB24F56004FCF90 /* Core */ = {
			isa = PBXGroup;
			children = (
				6E93E5A32AB244D1004FCF90 /* RMTabViewController.swift */,
				6E93E5DD2AB24FB0004FCF90 /* RMCharacterViewController.swift */,
				6E93E5DF2AB2501E004FCF90 /* RMLocationViewController.swift */,
				6E93E5E22AB25050004FCF90 /* RMEpisodeViewController.swift */,
				6E93E5E42AB25072004FCF90 /* RMSettingsViewController.swift */,
			);
			path = Core;
			sourceTree = "<group>";
		};
/* End PBXGroup section */

/* Begin PBXNativeTarget section */
		6E93E59B2AB244D1004FCF90 /* RickAndMorty */ = {
			isa = PBXNativeTarget;
			buildConfigurationList = 6E93E5C62AB244D2004FCF90 /* Build configuration list for PBXNativeTarget "RickAndMorty" */;
			buildPhases = (
				6E93E5982AB244D1004FCF90 /* Sources */,
				6E93E5992AB244D1004FCF90 /* Frameworks */,
				6E93E59A2AB244D1004FCF90 /* Resources */,
			);
			buildRules = (
			);
			dependencies = (
			);
			name = RickAndMorty;
			productName = RickAndMorty;
			productReference = 6E93E59C2AB244D1004FCF90 /* RickAndMorty.app */;
			productType = "com.apple.product-type.application";
		};
		6E93E5B12AB244D2004FCF90 /* RickAndMortyTests */ = {
			isa = PBXNativeTarget;
			buildConfigurationList = 6E93E5C92AB244D2004FCF90 /* Build configuration list for PBXNativeTarget "RickAndMortyTests" */;
			buildPhases = (
				6E93E5AE2AB244D2004FCF90 /* Sources */,
				6E93E5AF2AB244D2004FCF90 /* Frameworks */,
				6E93E5B02AB244D2004FCF90 /* Resources */,
			);
			buildRules = (
			);
			dependencies = (
				6E93E5B42AB244D2004FCF90 /* PBXTargetDependency */,
			);
			name = RickAndMortyTests;
			productName = RickAndMortyTests;
			productReference = 6E93E5B22AB244D2004FCF90 /* RickAndMortyTests.xctest */;
			productType = "com.apple.product-type.bundle.unit-test";
		};
		6E93E5BB2AB244D2004FCF90 /* RickAndMortyUITests */ = {
			isa = PBXNativeTarget;
			buildConfigurationList = 6E93E5CC2AB244D2004FCF90 /* Build configuration list for PBXNativeTarget "RickAndMortyUITests" */;
			buildPhases = (
				6E93E5B82AB244D2004FCF90 /* Sources */,
				6E93E5B92AB244D2004FCF90 /* Frameworks */,
				6E93E5BA2AB244D2004FCF90 /* Resources */,
			);
			buildRules = (
			);
			dependencies = (
				6E93E5BE2AB244D2004FCF90 /* PBXTargetDependency */,
			);
			name = RickAndMortyUITests;
			productName = RickAndMortyUITests;
			productReference = 6E93E5BC2AB244D2004FCF90 /* RickAndMortyUITests.xctest */;
			productType = "com.apple.product-type.bundle.ui-testing";
		};
/* End PBXNativeTarget section */

/* Begin PBXProject section */
		6E93E5942AB244D1004FCF90 /* Project object */ = {
			isa = PBXProject;
			attributes = {
				BuildIndependentTargetsInParallel = 1;
				LastSwiftUpdateCheck = 1430;
				LastUpgradeCheck = 1430;
				TargetAttributes = {
					6E93E59B2AB244D1004FCF90 = {
						CreatedOnToolsVersion = 14.3.1;
					};
					6E93E5B12AB244D2004FCF90 = {
						CreatedOnToolsVersion = 14.3.1;
						TestTargetID = 6E93E59B2AB244D1004FCF90;
					};
					6E93E5BB2AB244D2004FCF90 = {
						CreatedOnToolsVersion = 14.3.1;
						TestTargetID = 6E93E59B2AB244D1004FCF90;
					};
				};
			};
			buildConfigurationList = 6E93E5972AB244D1004FCF90 /* Build configuration list for PBXProject "RickAndMorty" */;
			compatibilityVersion = "Xcode 14.0";
			developmentRegion = en;
			hasScannedForEncodings = 0;
			knownRegions = (
				en,
				Base,
			);
			mainGroup = 6E93E5932AB244D1004FCF90;
			productRefGroup = 6E93E59D2AB244D1004FCF90 /* Products */;
			projectDirPath = "";
			projectRoot = "";
			targets = (
				6E93E59B2AB244D1004FCF90 /* RickAndMorty */,
				6E93E5B12AB244D2004FCF90 /* RickAndMortyTests */,
				6E93E5BB2AB244D2004FCF90 /* RickAndMortyUITests */,
			);
		};
/* End PBXProject section */

/* Begin PBXResourcesBuildPhase section */
		6E93E59A2AB244D1004FCF90 /* Resources */ = {
			isa = PBXResourcesBuildPhase;
			buildActionMask = 2147483647;
			files = (
				6E93E5AC2AB244D2004FCF90 /* LaunchScreen.storyboard in Resources */,
				6E93E5A92AB244D2004FCF90 /* Assets.xcassets in Resources */,
			);
			runOnlyForDeploymentPostprocessing = 0;
		};
		6E93E5B02AB244D2004FCF90 /* Resources */ = {
			isa = PBXResourcesBuildPhase;
			buildActionMask = 2147483647;
			files = (
			);
			runOnlyForDeploymentPostprocessing = 0;
		};
		6E93E5BA2AB244D2004FCF90 /* Resources */ = {
			isa = PBXResourcesBuildPhase;
			buildActionMask = 2147483647;
			files = (
			);
			runOnlyForDeploymentPostprocessing = 0;
		};
/* End PBXResourcesBuildPhase section */

/* Begin PBXSourcesBuildPhase section */
		6E93E5982AB244D1004FCF90 /* Sources */ = {
			isa = PBXSourcesBuildPhase;
			buildActionMask = 2147483647;
			files = (
				6E93E5E02AB2501E004FCF90 /* RMLocationViewController.swift in Sources */,
				6E93E5DB2AB24ED1004FCF90 /* RMEpisode.swift in Sources */,
				6E93E5A42AB244D1004FCF90 /* RMTabViewController.swift in Sources */,
				6E93E5E32AB25050004FCF90 /* RMEpisodeViewController.swift in Sources */,
				6E93E5A02AB244D1004FCF90 /* AppDelegate.swift in Sources */,
				6E93E5A22AB244D1004FCF90 /* SceneDelegate.swift in Sources */,
				6E93E5E52AB25072004FCF90 /* RMSettingsViewController.swift in Sources */,
				6E6A3E1C2ADB3841003C2A23 /* RMService.swift in Sources */,
				6E93E5D72AB24E97004FCF90 /* RMLocation.swift in Sources */,
				6E6A3E202ADBB753003C2A23 /* RMEndpoint.swift in Sources */,
				6E93E5D92AB24EBA004FCF90 /* RMCharacter.swift in Sources */,
				6E6A3E1E2ADB3853003C2A23 /* RMRequest.swift in Sources */,
				6E93E5DE2AB24FB0004FCF90 /* RMCharacterViewController.swift in Sources */,
			);
			runOnlyForDeploymentPostprocessing = 0;
		};
		6E93E5AE2AB244D2004FCF90 /* Sources */ = {
			isa = PBXSourcesBuildPhase;
			buildActionMask = 2147483647;
			files = (
				6E93E5B72AB244D2004FCF90 /* RickAndMortyTests.swift in Sources */,
			);
			runOnlyForDeploymentPostprocessing = 0;
		};
		6E93E5B82AB244D2004FCF90 /* Sources */ = {
			isa = PBXSourcesBuildPhase;
			buildActionMask = 2147483647;
			files = (
				6E93E5C12AB244D2004FCF90 /* RickAndMortyUITests.swift in Sources */,
				6E93E5C32AB244D2004FCF90 /* RickAndMortyUITestsLaunchTests.swift in Sources */,
			);
			runOnlyForDeploymentPostprocessing = 0;
		};
/* End PBXSourcesBuildPhase section */

/* Begin PBXTargetDependency section */
		6E93E5B42AB244D2004FCF90 /* PBXTargetDependency */ = {
			isa = PBXTargetDependency;
			target = 6E93E59B2AB244D1004FCF90 /* RickAndMorty */;
			targetProxy = 6E93E5B32AB244D2004FCF90 /* PBXContainerItemProxy */;
		};
		6E93E5BE2AB244D2004FCF90 /* PBXTargetDependency */ = {
			isa = PBXTargetDependency;
			target = 6E93E59B2AB244D1004FCF90 /* RickAndMorty */;
			targetProxy = 6E93E5BD2AB244D2004FCF90 /* PBXContainerItemProxy */;
		};
/* End PBXTargetDependency section */

/* Begin PBXVariantGroup section */
		6E93E5AA2AB244D2004FCF90 /* LaunchScreen.storyboard */ = {
			isa = PBXVariantGroup;
			children = (
				6E93E5AB2AB244D2004FCF90 /* Base */,
			);
			name = LaunchScreen.storyboard;
			sourceTree = "<group>";
		};
/* End PBXVariantGroup section */

/* Begin XCBuildConfiguration section */
		6E93E5C42AB244D2004FCF90 /* Debug */ = {
			isa = XCBuildConfiguration;
			buildSettings = {
				ALWAYS_SEARCH_USER_PATHS = NO;
				CLANG_ANALYZER_NONNULL = YES;
				CLANG_ANALYZER_NUMBER_OBJECT_CONVERSION = YES_AGGRESSIVE;
				CLANG_CXX_LANGUAGE_STANDARD = "gnu++20";
				CLANG_ENABLE_MODULES = YES;
				CLANG_ENABLE_OBJC_ARC = YES;
				CLANG_ENABLE_OBJC_WEAK = YES;
				CLANG_WARN_BLOCK_CAPTURE_AUTORELEASING = YES;
				CLANG_WARN_BOOL_CONVERSION = YES;
				CLANG_WARN_COMMA = YES;
				CLANG_WARN_CONSTANT_CONVERSION = YES;
				CLANG_WARN_DEPRECATED_OBJC_IMPLEMENTATIONS = YES;
				CLANG_WARN_DIRECT_OBJC_ISA_USAGE = YES_ERROR;
				CLANG_WARN_DOCUMENTATION_COMMENTS = YES;
				CLANG_WARN_EMPTY_BODY = YES;
				CLANG_WARN_ENUM_CONVERSION = YES;
				CLANG_WARN_INFINITE_RECURSION = YES;
				CLANG_WARN_INT_CONVERSION = YES;
				CLANG_WARN_NON_LITERAL_NULL_CONVERSION = YES;
				CLANG_WARN_OBJC_IMPLICIT_RETAIN_SELF = YES;
				CLANG_WARN_OBJC_LITERAL_CONVERSION = YES;
				CLANG_WARN_OBJC_ROOT_CLASS = YES_ERROR;
				CLANG_WARN_QUOTED_INCLUDE_IN_FRAMEWORK_HEADER = YES;
				CLANG_WARN_RANGE_LOOP_ANALYSIS = YES;
				CLANG_WARN_STRICT_PROTOTYPES = YES;
				CLANG_WARN_SUSPICIOUS_MOVE = YES;
				CLANG_WARN_UNGUARDED_AVAILABILITY = YES_AGGRESSIVE;
				CLANG_WARN_UNREACHABLE_CODE = YES;
				CLANG_WARN__DUPLICATE_METHOD_MATCH = YES;
				COPY_PHASE_STRIP = NO;
				DEBUG_INFORMATION_FORMAT = dwarf;
				ENABLE_STRICT_OBJC_MSGSEND = YES;
				ENABLE_TESTABILITY = YES;
				GCC_C_LANGUAGE_STANDARD = gnu11;
				GCC_DYNAMIC_NO_PIC = NO;
				GCC_NO_COMMON_BLOCKS = YES;
				GCC_OPTIMIZATION_LEVEL = 0;
				GCC_PREPROCESSOR_DEFINITIONS = (
					"DEBUG=1",
					"$(inherited)",
				);
				GCC_WARN_64_TO_32_BIT_CONVERSION = YES;
				GCC_WARN_ABOUT_RETURN_TYPE = YES_ERROR;
				GCC_WARN_UNDECLARED_SELECTOR = YES;
				GCC_WARN_UNINITIALIZED_AUTOS = YES_AGGRESSIVE;
				GCC_WARN_UNUSED_FUNCTION = YES;
				GCC_WARN_UNUSED_VARIABLE = YES;
				IPHONEOS_DEPLOYMENT_TARGET = 16.4;
				MTL_ENABLE_DEBUG_INFO = INCLUDE_SOURCE;
				MTL_FAST_MATH = YES;
				ONLY_ACTIVE_ARCH = YES;
				SDKROOT = iphoneos;
				SWIFT_ACTIVE_COMPILATION_CONDITIONS = DEBUG;
				SWIFT_OPTIMIZATION_LEVEL = "-Onone";
			};
			name = Debug;
		};
		6E93E5C52AB244D2004FCF90 /* Release */ = {
			isa = XCBuildConfiguration;
			buildSettings = {
				ALWAYS_SEARCH_USER_PATHS = NO;
				CLANG_ANALYZER_NONNULL = YES;
				CLANG_ANALYZER_NUMBER_OBJECT_CONVERSION = YES_AGGRESSIVE;
				CLANG_CXX_LANGUAGE_STANDARD = "gnu++20";
				CLANG_ENABLE_MODULES = YES;
				CLANG_ENABLE_OBJC_ARC = YES;
				CLANG_ENABLE_OBJC_WEAK = YES;
				CLANG_WARN_BLOCK_CAPTURE_AUTORELEASING = YES;
				CLANG_WARN_BOOL_CONVERSION = YES;
				CLANG_WARN_COMMA = YES;
				CLANG_WARN_CONSTANT_CONVERSION = YES;
				CLANG_WARN_DEPRECATED_OBJC_IMPLEMENTATIONS = YES;
				CLANG_WARN_DIRECT_OBJC_ISA_USAGE = YES_ERROR;
				CLANG_WARN_DOCUMENTATION_COMMENTS = YES;
				CLANG_WARN_EMPTY_BODY = YES;
				CLANG_WARN_ENUM_CONVERSION = YES;
				CLANG_WARN_INFINITE_RECURSION = YES;
				CLANG_WARN_INT_CONVERSION = YES;
				CLANG_WARN_NON_LITERAL_NULL_CONVERSION = YES;
				CLANG_WARN_OBJC_IMPLICIT_RETAIN_SELF = YES;
				CLANG_WARN_OBJC_LITERAL_CONVERSION = YES;
				CLANG_WARN_OBJC_ROOT_CLASS = YES_ERROR;
				CLANG_WARN_QUOTED_INCLUDE_IN_FRAMEWORK_HEADER = YES;
				CLANG_WARN_RANGE_LOOP_ANALYSIS = YES;
				CLANG_WARN_STRICT_PROTOTYPES = YES;
				CLANG_WARN_SUSPICIOUS_MOVE = YES;
				CLANG_WARN_UNGUARDED_AVAILABILITY = YES_AGGRESSIVE;
				CLANG_WARN_UNREACHABLE_CODE = YES;
				CLANG_WARN__DUPLICATE_METHOD_MATCH = YES;
				COPY_PHASE_STRIP = NO;
				DEBUG_INFORMATION_FORMAT = "dwarf-with-dsym";
				ENABLE_NS_ASSERTIONS = NO;
				ENABLE_STRICT_OBJC_MSGSEND = YES;
				GCC_C_LANGUAGE_STANDARD = gnu11;
				GCC_NO_COMMON_BLOCKS = YES;
				GCC_WARN_64_TO_32_BIT_CONVERSION = YES;
				GCC_WARN_ABOUT_RETURN_TYPE = YES_ERROR;
				GCC_WARN_UNDECLARED_SELECTOR = YES;
				GCC_WARN_UNINITIALIZED_AUTOS = YES_AGGRESSIVE;
				GCC_WARN_UNUSED_FUNCTION = YES;
				GCC_WARN_UNUSED_VARIABLE = YES;
				IPHONEOS_DEPLOYMENT_TARGET = 16.4;
				MTL_ENABLE_DEBUG_INFO = NO;
				MTL_FAST_MATH = YES;
				SDKROOT = iphoneos;
				SWIFT_COMPILATION_MODE = wholemodule;
				SWIFT_OPTIMIZATION_LEVEL = "-O";
				VALIDATE_PRODUCT = YES;
			};
			name = Release;
		};
		6E93E5C72AB244D2004FCF90 /* Debug */ = {
			isa = XCBuildConfiguration;
			buildSettings = {
				ASSETCATALOG_COMPILER_APPICON_NAME = AppIcon;
				ASSETCATALOG_COMPILER_GLOBAL_ACCENT_COLOR_NAME = AccentColor;
				CODE_SIGN_STYLE = Automatic;
				CURRENT_PROJECT_VERSION = 1;
				GENERATE_INFOPLIST_FILE = YES;
				INFOPLIST_FILE = RickAndMorty/Info.plist;
				INFOPLIST_KEY_UIApplicationSupportsIndirectInputEvents = YES;
				INFOPLIST_KEY_UILaunchStoryboardName = LaunchScreen;
				INFOPLIST_KEY_UISupportedInterfaceOrientations_iPad = "UIInterfaceOrientationPortrait UIInterfaceOrientationPortraitUpsideDown UIInterfaceOrientationLandscapeLeft UIInterfaceOrientationLandscapeRight";
				INFOPLIST_KEY_UISupportedInterfaceOrientations_iPhone = "UIInterfaceOrientationPortrait UIInterfaceOrientationLandscapeLeft UIInterfaceOrientationLandscapeRight";
				LD_RUNPATH_SEARCH_PATHS = (
					"$(inherited)",
					"@executable_path/Frameworks",
				);
				MARKETING_VERSION = 1.0;
				PRODUCT_BUNDLE_IDENTIFIER = com.henrykay.RickAndMorty;
				PRODUCT_NAME = "$(TARGET_NAME)";
				SWIFT_EMIT_LOC_STRINGS = YES;
				SWIFT_VERSION = 5.0;
				TARGETED_DEVICE_FAMILY = "1,2";
			};
			name = Debug;
		};
		6E93E5C82AB244D2004FCF90 /* Release */ = {
			isa = XCBuildConfiguration;
			buildSettings = {
				ASSETCATALOG_COMPILER_APPICON_NAME = AppIcon;
				ASSETCATALOG_COMPILER_GLOBAL_ACCENT_COLOR_NAME = AccentColor;
				CODE_SIGN_STYLE = Automatic;
				CURRENT_PROJECT_VERSION = 1;
				GENERATE_INFOPLIST_FILE = YES;
				INFOPLIST_FILE = RickAndMorty/Info.plist;
				INFOPLIST_KEY_UIApplicationSupportsIndirectInputEvents = YES;
				INFOPLIST_KEY_UILaunchStoryboardName = LaunchScreen;
				INFOPLIST_KEY_UISupportedInterfaceOrientations_iPad = "UIInterfaceOrientationPortrait UIInterfaceOrientationPortraitUpsideDown UIInterfaceOrientationLandscapeLeft UIInterfaceOrientationLandscapeRight";
				INFOPLIST_KEY_UISupportedInterfaceOrientations_iPhone = "UIInterfaceOrientationPortrait UIInterfaceOrientationLandscapeLeft UIInterfaceOrientationLandscapeRight";
				LD_RUNPATH_SEARCH_PATHS = (
					"$(inherited)",
					"@executable_path/Frameworks",
				);
				MARKETING_VERSION = 1.0;
				PRODUCT_BUNDLE_IDENTIFIER = com.henrykay.RickAndMorty;
				PRODUCT_NAME = "$(TARGET_NAME)";
				SWIFT_EMIT_LOC_STRINGS = YES;
				SWIFT_VERSION = 5.0;
				TARGETED_DEVICE_FAMILY = "1,2";
			};
			name = Release;
		};
		6E93E5CA2AB244D2004FCF90 /* Debug */ = {
			isa = XCBuildConfiguration;
			buildSettings = {
				ALWAYS_EMBED_SWIFT_STANDARD_LIBRARIES = YES;
				BUNDLE_LOADER = "$(TEST_HOST)";
				CODE_SIGN_STYLE = Automatic;
				CURRENT_PROJECT_VERSION = 1;
				GENERATE_INFOPLIST_FILE = YES;
				IPHONEOS_DEPLOYMENT_TARGET = 16.4;
				MARKETING_VERSION = 1.0;
				PRODUCT_BUNDLE_IDENTIFIER = com.henrykay.RickAndMortyTests;
				PRODUCT_NAME = "$(TARGET_NAME)";
				SWIFT_EMIT_LOC_STRINGS = NO;
				SWIFT_VERSION = 5.0;
				TARGETED_DEVICE_FAMILY = "1,2";
				TEST_HOST = "$(BUILT_PRODUCTS_DIR)/RickAndMorty.app/$(BUNDLE_EXECUTABLE_FOLDER_PATH)/RickAndMorty";
			};
			name = Debug;
		};
		6E93E5CB2AB244D2004FCF90 /* Release */ = {
			isa = XCBuildConfiguration;
			buildSettings = {
				ALWAYS_EMBED_SWIFT_STANDARD_LIBRARIES = YES;
				BUNDLE_LOADER = "$(TEST_HOST)";
				CODE_SIGN_STYLE = Automatic;
				CURRENT_PROJECT_VERSION = 1;
				GENERATE_INFOPLIST_FILE = YES;
				IPHONEOS_DEPLOYMENT_TARGET = 16.4;
				MARKETING_VERSION = 1.0;
				PRODUCT_BUNDLE_IDENTIFIER = com.henrykay.RickAndMortyTests;
				PRODUCT_NAME = "$(TARGET_NAME)";
				SWIFT_EMIT_LOC_STRINGS = NO;
				SWIFT_VERSION = 5.0;
				TARGETED_DEVICE_FAMILY = "1,2";
				TEST_HOST = "$(BUILT_PRODUCTS_DIR)/RickAndMorty.app/$(BUNDLE_EXECUTABLE_FOLDER_PATH)/RickAndMorty";
			};
			name = Release;
		};
		6E93E5CD2AB244D2004FCF90 /* Debug */ = {
			isa = XCBuildConfiguration;
			buildSettings = {
				ALWAYS_EMBED_SWIFT_STANDARD_LIBRARIES = YES;
				CODE_SIGN_STYLE = Automatic;
				CURRENT_PROJECT_VERSION = 1;
				GENERATE_INFOPLIST_FILE = YES;
				MARKETING_VERSION = 1.0;
				PRODUCT_BUNDLE_IDENTIFIER = com.henrykay.RickAndMortyUITests;
				PRODUCT_NAME = "$(TARGET_NAME)";
				SWIFT_EMIT_LOC_STRINGS = NO;
				SWIFT_VERSION = 5.0;
				TARGETED_DEVICE_FAMILY = "1,2";
				TEST_TARGET_NAME = RickAndMorty;
			};
			name = Debug;
		};
		6E93E5CE2AB244D2004FCF90 /* Release */ = {
			isa = XCBuildConfiguration;
			buildSettings = {
				ALWAYS_EMBED_SWIFT_STANDARD_LIBRARIES = YES;
				CODE_SIGN_STYLE = Automatic;
				CURRENT_PROJECT_VERSION = 1;
				GENERATE_INFOPLIST_FILE = YES;
				MARKETING_VERSION = 1.0;
				PRODUCT_BUNDLE_IDENTIFIER = com.henrykay.RickAndMortyUITests;
				PRODUCT_NAME = "$(TARGET_NAME)";
				SWIFT_EMIT_LOC_STRINGS = NO;
				SWIFT_VERSION = 5.0;
				TARGETED_DEVICE_FAMILY = "1,2";
				TEST_TARGET_NAME = RickAndMorty;
			};
			name = Release;
		};
/* End XCBuildConfiguration section */

/* Begin XCConfigurationList section */
		6E93E5972AB244D1004FCF90 /* Build configuration list for PBXProject "RickAndMorty" */ = {
			isa = XCConfigurationList;
			buildConfigurations = (
				6E93E5C42AB244D2004FCF90 /* Debug */,
				6E93E5C52AB244D2004FCF90 /* Release */,
			);
			defaultConfigurationIsVisible = 0;
			defaultConfigurationName = Release;
		};
		6E93E5C62AB244D2004FCF90 /* Build configuration list for PBXNativeTarget "RickAndMorty" */ = {
			isa = XCConfigurationList;
			buildConfigurations = (
				6E93E5C72AB244D2004FCF90 /* Debug */,
				6E93E5C82AB244D2004FCF90 /* Release */,
			);
			defaultConfigurationIsVisible = 0;
			defaultConfigurationName = Release;
		};
		6E93E5C92AB244D2004FCF90 /* Build configuration list for PBXNativeTarget "RickAndMortyTests" */ = {
			isa = XCConfigurationList;
			buildConfigurations = (
				6E93E5CA2AB244D2004FCF90 /* Debug */,
				6E93E5CB2AB244D2004FCF90 /* Release */,
			);
			defaultConfigurationIsVisible = 0;
			defaultConfigurationName = Release;
		};
		6E93E5CC2AB244D2004FCF90 /* Build configuration list for PBXNativeTarget "RickAndMortyUITests" */ = {
			isa = XCConfigurationList;
			buildConfigurations = (
				6E93E5CD2AB244D2004FCF90 /* Debug */,
				6E93E5CE2AB244D2004FCF90 /* Release */,
			);
			defaultConfigurationIsVisible = 0;
			defaultConfigurationName = Release;
		};
/* End XCConfigurationList section */
	};
	rootObject = 6E93E5942AB244D1004FCF90 /* Project object */;
}
